
Microsoft Visual Studio Solution File, Format Version 12.00
# Visual Studio Version 17
VisualStudioVersion = 17.3.32901.215
MinimumVisualStudioVersion = 10.0.40219.1
Project("{FAE04EC0-301F-11D3-BF4B-00C04F79EFBC}") = "WorkSearch", "WorkSearch\WorkSearch.csproj", "{5F0E0659-5825-4DB7-B03D-452A659C2CBD}"
EndProject
Global
	GlobalSection(SolutionConfigurationPlatforms) = preSolution
		Debug|Any CPU = Debug|Any CPU
		Release|Any CPU = Release|Any CPU
	EndGlobalSection
	GlobalSection(ProjectConfigurationPlatforms) = postSolution
		{5F0E0659-5825-4DB7-B03D-452A659C2CBD}.Debug|Any CPU.ActiveCfg = Debug|Any CPU
		{5F0E0659-5825-4DB7-B03D-452A659C2CBD}.Debug|Any CPU.Build.0 = Debug|Any CPU
		{5F0E0659-5825-4DB7-B03D-452A659C2CBD}.Release|Any CPU.ActiveCfg = Release|Any CPU
		{5F0E0659-5825-4DB7-B03D-452A659C2CBD}.Release|Any CPU.Build.0 = Release|Any CPU
	EndGlobalSection
	GlobalSection(SolutionProperties) = preSolution
		HideSolutionNode = FALSE
	EndGlobalSection
	GlobalSection(ExtensibilityGlobals) = postSolution
		SolutionGuid = {27B3D31D-6B13-4A9D-93C1-B4A43E9DD2E4}
	EndGlobalSection
EndGlobal
